
Microsoft Visual Studio Solution File, Format Version 12.00
# Visual Studio Version 18
VisualStudioVersion = 18.0.11217.181
MinimumVisualStudioVersion = 10.0.40219.1
Project("{FAE04EC0-301F-11D3-BF4B-00C04F79EFBC}") = "MetaMystia", "src\MetaMystia.Mod\MetaMystia.csproj", "{B4CD19DA-EE08-5225-FB19-1D0DFA4113DD}"
EndProject
Project("{FAE04EC0-301F-11D3-BF4B-00C04F79EFBC}") = "MetaMystia.Generators", "src\MetaMystia.Generators\MetaMystia.Generators.csproj", "{2B487D42-7871-44B4-81FF-8035896B3700}"
EndProject
Project("{2150E333-8FDC-42A3-9474-1A3956D46DE8}") = "src", "src", "{827E0CD3-B72D-47B6-A68D-7590B98EB39B}"
EndProject
Project("{FAE04EC0-301F-11D3-BF4B-00C04F79EFBC}") = "MetaMystia.Network", "src\MetaMystia.Network\MetaMystia.Network.csproj", "{3A180DE2-DBA8-4806-97DC-CF11188F31F8}"
EndProject
Project("{FAE04EC0-301F-11D3-BF4B-00C04F79EFBC}") = "MetaMystia.Server", "src\MetaMystia.Server\MetaMystia.Server.csproj", "{D90D6C39-07B6-46D8-8D98-E16210F84625}"
EndProject
Project("{FAE04EC0-301F-11D3-BF4B-00C04F79EFBC}") = "MetaMystia.Network.Tests", "src\MetaMystia.Network.Tests\MetaMystia.Network.Tests.csproj", "{38374501-528E-4B01-B2D3-3E9B36E55261}"
EndProject
Global
	GlobalSection(SolutionConfigurationPlatforms) = preSolution
		Debug|Any CPU = Debug|Any CPU
		Debug|x64 = Debug|x64
		Debug|x86 = Debug|x86
		Release|Any CPU = Release|Any CPU
		Release|x64 = Release|x64
		Release|x86 = Release|x86
	EndGlobalSection
	GlobalSection(ProjectConfigurationPlatforms) = postSolution
		{B4CD19DA-EE08-5225-FB19-1D0DFA4113DD}.Debug|Any CPU.ActiveCfg = Debug|Any CPU
		{B4CD19DA-EE08-5225-FB19-1D0DFA4113DD}.Debug|Any CPU.Build.0 = Debug|Any CPU
		{B4CD19DA-EE08-5225-FB19-1D0DFA4113DD}.Debug|x64.ActiveCfg = Debug|Any CPU
		{B4CD19DA-EE08-5225-FB19-1D0DFA4113DD}.Debug|x64.Build.0 = Debug|Any CPU
		{B4CD19DA-EE08-5225-FB19-1D0DFA4113DD}.Debug|x86.ActiveCfg = Debug|Any CPU
		{B4CD19DA-EE08-5225-FB19-1D0DFA4113DD}.Debug|x86.Build.0 = Debug|Any CPU
		{B4CD19DA-EE08-5225-FB19-1D0DFA4113DD}.Release|Any CPU.ActiveCfg = Release|Any CPU
		{B4CD19DA-EE08-5225-FB19-1D0DFA4113DD}.Release|Any CPU.Build.0 = Release|Any CPU
		{B4CD19DA-EE08-5225-FB19-1D0DFA4113DD}.Release|x64.ActiveCfg = Release|Any CPU
		{B4CD19DA-EE08-5225-FB19-1D0DFA4113DD}.Release|x64.Build.0 = Release|Any CPU
		{B4CD19DA-EE08-5225-FB19-1D0DFA4113DD}.Release|x86.ActiveCfg = Release|Any CPU
		{B4CD19DA-EE08-5225-FB19-1D0DFA4113DD}.Release|x86.Build.0 = Release|Any CPU
		{2B487D42-7871-44B4-81FF-8035896B3700}.Debug|Any CPU.ActiveCfg = Debug|Any CPU
		{2B487D42-7871-44B4-81FF-8035896B3700}.Debug|Any CPU.Build.0 = Debug|Any CPU
		{2B487D42-7871-44B4-81FF-8035896B3700}.Debug|x64.ActiveCfg = Debug|Any CPU
		{2B487D42-7871-44B4-81FF-8035896B3700}.Debug|x64.Build.0 = Debug|Any CPU
		{2B487D42-7871-44B4-81FF-8035896B3700}.Debug|x86.ActiveCfg = Debug|Any CPU
		{2B487D42-7871-44B4-81FF-8035896B3700}.Debug|x86.Build.0 = Debug|Any CPU
		{2B487D42-7871-44B4-81FF-8035896B3700}.Release|Any CPU.ActiveCfg = Release|Any CPU
		{2B487D42-7871-44B4-81FF-8035896B3700}.Release|Any CPU.Build.0 = Release|Any CPU
		{2B487D42-7871-44B4-81FF-8035896B3700}.Release|x64.ActiveCfg = Release|Any CPU
		{2B487D42-7871-44B4-81FF-8035896B3700}.Release|x64.Build.0 = Release|Any CPU
		{2B487D42-7871-44B4-81FF-8035896B3700}.Release|x86.ActiveCfg = Release|Any CPU
		{2B487D42-7871-44B4-81FF-8035896B3700}.Release|x86.Build.0 = Release|Any CPU
		{3A180DE2-DBA8-4806-97DC-CF11188F31F8}.Debug|Any CPU.ActiveCfg = Debug|Any CPU
		{3A180DE2-DBA8-4806-97DC-CF11188F31F8}.Debug|Any CPU.Build.0 = Debug|Any CPU
		{3A180DE2-DBA8-4806-97DC-CF11188F31F8}.Debug|x64.ActiveCfg = Debug|Any CPU
		{3A180DE2-DBA8-4806-97DC-CF11188F31F8}.Debug|x64.Build.0 = Debug|Any CPU
		{3A180DE2-DBA8-4806-97DC-CF11188F31F8}.Debug|x86.ActiveCfg = Debug|Any CPU
		{3A180DE2-DBA8-4806-97DC-CF11188F31F8}.Debug|x86.Build.0 = Debug|Any CPU
		{3A180DE2-DBA8-4806-97DC-CF11188F31F8}.Release|Any CPU.ActiveCfg = Release|Any CPU
		{3A180DE2-DBA8-4806-97DC-CF11188F31F8}.Release|Any CPU.Build.0 = Release|Any CPU
		{3A180DE2-DBA8-4806-97DC-CF11188F31F8}.Release|x64.ActiveCfg = Release|Any CPU
		{3A180DE2-DBA8-4806-97DC-CF11188F31F8}.Release|x64.Build.0 = Release|Any CPU
		{3A180DE2-DBA8-4806-97DC-CF11188F31F8}.Release|x86.ActiveCfg = Release|Any CPU
		{3A180DE2-DBA8-4806-97DC-CF11188F31F8}.Release|x86.Build.0 = Release|Any CPU
		{D90D6C39-07B6-46D8-8D98-E16210F84625}.Debug|Any CPU.ActiveCfg = Debug|Any CPU
		{D90D6C39-07B6-46D8-8D98-E16210F84625}.Debug|Any CPU.Build.0 = Debug|Any CPU
		{D90D6C39-07B6-46D8-8D98-E16210F84625}.Debug|x64.ActiveCfg = Debug|Any CPU
		{D90D6C39-07B6-46D8-8D98-E16210F84625}.Debug|x64.Build.0 = Debug|Any CPU
		{D90D6C39-07B6-46D8-8D98-E16210F84625}.Debug|x86.ActiveCfg = Debug|Any CPU
		{D90D6C39-07B6-46D8-8D98-E16210F84625}.Debug|x86.Build.0 = Debug|Any CPU
		{D90D6C39-07B6-46D8-8D98-E16210F84625}.Release|Any CPU.ActiveCfg = Release|Any CPU
		{D90D6C39-07B6-46D8-8D98-E16210F84625}.Release|Any CPU.Build.0 = Release|Any CPU
		{D90D6C39-07B6-46D8-8D98-E16210F84625}.Release|x64.ActiveCfg = Release|Any CPU
		{D90D6C39-07B6-46D8-8D98-E16210F84625}.Release|x64.Build.0 = Release|Any CPU
		{D90D6C39-07B6-46D8-8D98-E16210F84625}.Release|x86.ActiveCfg = Release|Any CPU
		{D90D6C39-07B6-46D8-8D98-E16210F84625}.Release|x86.Build.0 = Release|Any CPU
		{38374501-528E-4B01-B2D3-3E9B36E55261}.Debug|Any CPU.ActiveCfg = Debug|Any CPU
		{38374501-528E-4B01-B2D3-3E9B36E55261}.Debug|Any CPU.Build.0 = Debug|Any CPU
		{38374501-528E-4B01-B2D3-3E9B36E55261}.Debug|x64.ActiveCfg = Debug|Any CPU
		{38374501-528E-4B01-B2D3-3E9B36E55261}.Debug|x64.Build.0 = Debug|Any CPU
		{38374501-528E-4B01-B2D3-3E9B36E55261}.Debug|x86.ActiveCfg = Debug|Any CPU
		{38374501-528E-4B01-B2D3-3E9B36E55261}.Debug|x86.Build.0 = Debug|Any CPU
		{38374501-528E-4B01-B2D3-3E9B36E55261}.Release|Any CPU.ActiveCfg = Release|Any CPU
		{38374501-528E-4B01-B2D3-3E9B36E55261}.Release|Any CPU.Build.0 = Release|Any CPU
		{38374501-528E-4B01-B2D3-3E9B36E55261}.Release|x64.ActiveCfg = Release|Any CPU
		{38374501-528E-4B01-B2D3-3E9B36E55261}.Release|x64.Build.0 = Release|Any CPU
		{38374501-528E-4B01-B2D3-3E9B36E55261}.Release|x86.ActiveCfg = Release|Any CPU
		{38374501-528E-4B01-B2D3-3E9B36E55261}.Release|x86.Build.0 = Release|Any CPU
	EndGlobalSection
	GlobalSection(SolutionProperties) = preSolution
		HideSolutionNode = FALSE
	EndGlobalSection
	GlobalSection(NestedProjects) = preSolution
		{3A180DE2-DBA8-4806-97DC-CF11188F31F8} = {827E0CD3-B72D-47B6-A68D-7590B98EB39B}
		{D90D6C39-07B6-46D8-8D98-E16210F84625} = {827E0CD3-B72D-47B6-A68D-7590B98EB39B}
		{38374501-528E-4B01-B2D3-3E9B36E55261} = {827E0CD3-B72D-47B6-A68D-7590B98EB39B}
	EndGlobalSection
	GlobalSection(ExtensibilityGlobals) = postSolution
		SolutionGuid = {C3E907FF-3702-47A9-B1C1-F415BF723E06}
	EndGlobalSection
EndGlobal
